
Microsoft Visual Studio Solution File, Format Version 12.00
# Visual Studio Version 17
VisualStudioVersion = 17.14.36301.6 d17.14
MinimumVisualStudioVersion = 10.0.40219.1
Project("{8BC9CEB8-8B4A-11D0-8D11-00A0C91BC942}") = "Project 1 (Stone - Paper - Scissor) (My Solution)", "Project 1 (Stone - Paper - Scissor) (My Solution).vcxproj", "{A9975E75-2CF8-4E0D-85E6-F799D8B734CA}"
EndProject
Global
	GlobalSection(SolutionConfigurationPlatforms) = preSolution
		Debug|x64 = Debug|x64
		Debug|x86 = Debug|x86
		Release|x64 = Release|x64
		Release|x86 = Release|x86
	EndGlobalSection
	GlobalSection(ProjectConfigurationPlatforms) = postSolution
		{A9975E75-2CF8-4E0D-85E6-F799D8B734CA}.Debug|x64.ActiveCfg = Debug|x64
		{A9975E75-2CF8-4E0D-85E6-F799D8B734CA}.Debug|x64.Build.0 = Debug|x64
		{A9975E75-2CF8-4E0D-85E6-F799D8B734CA}.Debug|x86.ActiveCfg = Debug|Win32
		{A9975E75-2CF8-4E0D-85E6-F799D8B734CA}.Debug|x86.Build.0 = Debug|Win32
		{A9975E75-2CF8-4E0D-85E6-F799D8B734CA}.Release|x64.ActiveCfg = Release|x64
		{A9975E75-2CF8-4E0D-85E6-F799D8B734CA}.Release|x64.Build.0 = Release|x64
		{A9975E75-2CF8-4E0D-85E6-F799D8B734CA}.Release|x86.ActiveCfg = Release|Win32
		{A9975E75-2CF8-4E0D-85E6-F799D8B734CA}.Release|x86.Build.0 = Release|Win32
	EndGlobalSection
	GlobalSection(SolutionProperties) = preSolution
		HideSolutionNode = FALSE
	EndGlobalSection
	GlobalSection(ExtensibilityGlobals) = postSolution
		SolutionGuid = {7604105E-B2DD-476A-97F7-242516418D3C}
	EndGlobalSection
EndGlobal
